
Microsoft Visual Studio Solution File, Format Version 12.00
# Visual Studio Version 17
VisualStudioVersion = 17.14.36203.30 d17.14
MinimumVisualStudioVersion = 10.0.40219.1
Project("{F184B08F-C81C-45F6-A57F-5ABD9991F28F}") = "EggyUI-Rainmeter-Widgets-Settings", "EggyUI-Rainmeter-Widgets-Settings.vbproj", "{33EF93D9-21FF-42B1-A022-F7045F425A3D}"
EndProject
Global
	GlobalSection(SolutionConfigurationPlatforms) = preSolution
		Debug|Any CPU = Debug|Any CPU
		Release|Any CPU = Release|Any CPU
	EndGlobalSection
	GlobalSection(ProjectConfigurationPlatforms) = postSolution
		{33EF93D9-21FF-42B1-A022-F7045F425A3D}.Debug|Any CPU.ActiveCfg = Debug|Any CPU
		{33EF93D9-21FF-42B1-A022-F7045F425A3D}.Debug|Any CPU.Build.0 = Debug|Any CPU
		{33EF93D9-21FF-42B1-A022-F7045F425A3D}.Release|Any CPU.ActiveCfg = Release|Any CPU
		{33EF93D9-21FF-42B1-A022-F7045F425A3D}.Release|Any CPU.Build.0 = Release|Any CPU
	EndGlobalSection
	GlobalSection(SolutionProperties) = preSolution
		HideSolutionNode = FALSE
	EndGlobalSection
	GlobalSection(ExtensibilityGlobals) = postSolution
		SolutionGuid = {9CB425AD-96FB-4C39-9DA6-FB2825E7A6CD}
	EndGlobalSection
EndGlobal
